
Microsoft Visual Studio Solution File, Format Version 12.00
# Visual Studio 15
VisualStudioVersion = 15.0.26124.0
MinimumVisualStudioVersion = 15.0.26124.0
Project("{FAE04EC0-301F-11D3-BF4B-00C04F79EFBC}") = "MyMath", "MyMath\MyMath.csproj", "{014593B2-57ED-4BE0-82DB-9EB7073E04D8}"
EndProject
Project("{FAE04EC0-301F-11D3-BF4B-00C04F79EFBC}") = "MyMath.Tests", "MyMath.Tests\MyMath.Tests.csproj", "{26C71FBE-5192-4360-AF23-9CB56839968D}"
EndProject
Global
	GlobalSection(SolutionConfigurationPlatforms) = preSolution
		Debug|Any CPU = Debug|Any CPU
		Debug|x64 = Debug|x64
		Debug|x86 = Debug|x86
		Release|Any CPU = Release|Any CPU
		Release|x64 = Release|x64
		Release|x86 = Release|x86
	EndGlobalSection
	GlobalSection(SolutionProperties) = preSolution
		HideSolutionNode = FALSE
	EndGlobalSection
	GlobalSection(ProjectConfigurationPlatforms) = postSolution
		{014593B2-57ED-4BE0-82DB-9EB7073E04D8}.Debug|Any CPU.ActiveCfg = Debug|Any CPU
		{014593B2-57ED-4BE0-82DB-9EB7073E04D8}.Debug|Any CPU.Build.0 = Debug|Any CPU
		{014593B2-57ED-4BE0-82DB-9EB7073E04D8}.Debug|x64.ActiveCfg = Debug|Any CPU
		{014593B2-57ED-4BE0-82DB-9EB7073E04D8}.Debug|x64.Build.0 = Debug|Any CPU
		{014593B2-57ED-4BE0-82DB-9EB7073E04D8}.Debug|x86.ActiveCfg = Debug|Any CPU
		{014593B2-57ED-4BE0-82DB-9EB7073E04D8}.Debug|x86.Build.0 = Debug|Any CPU
		{014593B2-57ED-4BE0-82DB-9EB7073E04D8}.Release|Any CPU.ActiveCfg = Release|Any CPU
		{014593B2-57ED-4BE0-82DB-9EB7073E04D8}.Release|Any CPU.Build.0 = Release|Any CPU
		{014593B2-57ED-4BE0-82DB-9EB7073E04D8}.Release|x64.ActiveCfg = Release|Any CPU
		{014593B2-57ED-4BE0-82DB-9EB7073E04D8}.Release|x64.Build.0 = Release|Any CPU
		{014593B2-57ED-4BE0-82DB-9EB7073E04D8}.Release|x86.ActiveCfg = Release|Any CPU
		{014593B2-57ED-4BE0-82DB-9EB7073E04D8}.Release|x86.Build.0 = Release|Any CPU
		{26C71FBE-5192-4360-AF23-9CB56839968D}.Debug|Any CPU.ActiveCfg = Debug|Any CPU
		{26C71FBE-5192-4360-AF23-9CB56839968D}.Debug|Any CPU.Build.0 = Debug|Any CPU
		{26C71FBE-5192-4360-AF23-9CB56839968D}.Debug|x64.ActiveCfg = Debug|Any CPU
		{26C71FBE-5192-4360-AF23-9CB56839968D}.Debug|x64.Build.0 = Debug|Any CPU
		{26C71FBE-5192-4360-AF23-9CB56839968D}.Debug|x86.ActiveCfg = Debug|Any CPU
		{26C71FBE-5192-4360-AF23-9CB56839968D}.Debug|x86.Build.0 = Debug|Any CPU
		{26C71FBE-5192-4360-AF23-9CB56839968D}.Release|Any CPU.ActiveCfg = Release|Any CPU
		{26C71FBE-5192-4360-AF23-9CB56839968D}.Release|Any CPU.Build.0 = Release|Any CPU
		{26C71FBE-5192-4360-AF23-9CB56839968D}.Release|x64.ActiveCfg = Release|Any CPU
		{26C71FBE-5192-4360-AF23-9CB56839968D}.Release|x64.Build.0 = Release|Any CPU
		{26C71FBE-5192-4360-AF23-9CB56839968D}.Release|x86.ActiveCfg = Release|Any CPU
		{26C71FBE-5192-4360-AF23-9CB56839968D}.Release|x86.Build.0 = Release|Any CPU
	EndGlobalSection
EndGlobal
